
Microsoft Visual Studio Solution File, Format Version 12.00
# Visual Studio 2012
Project("{FAE04EC0-301F-11D3-BF4B-00C04F79EFBC}") = "Tradeem.Android", "Tradeem.Android\Tradeem.Android.csproj", "{17FAACC7-8322-4BA3-A586-6960D20C0772}"
EndProject
Project("{FAE04EC0-301F-11D3-BF4B-00C04F79EFBC}") = "Tradeem.iOS", "Tradeem.iOS\Tradeem.iOS.csproj", "{05CB16A3-C434-49B1-81C7-E6438CE5AA6B}"
EndProject
Project("{FAE04EC0-301F-11D3-BF4B-00C04F79EFBC}") = "Tradeem", "Tradeem\Tradeem.csproj", "{4CF34B54-6A8D-4C98-B633-7564B5360949}"
EndProject
Global
	GlobalSection(SolutionConfigurationPlatforms) = preSolution
		Debug|Any CPU = Debug|Any CPU
		Release|Any CPU = Release|Any CPU
		Debug|iPhoneSimulator = Debug|iPhoneSimulator
		Release|iPhoneSimulator = Release|iPhoneSimulator
		Debug|iPhone = Debug|iPhone
		Release|iPhone = Release|iPhone
	EndGlobalSection
	GlobalSection(ProjectConfigurationPlatforms) = postSolution
		{17FAACC7-8322-4BA3-A586-6960D20C0772}.Debug|Any CPU.ActiveCfg = Debug|Any CPU
		{17FAACC7-8322-4BA3-A586-6960D20C0772}.Debug|Any CPU.Build.0 = Debug|Any CPU
		{17FAACC7-8322-4BA3-A586-6960D20C0772}.Release|Any CPU.ActiveCfg = Release|Any CPU
		{17FAACC7-8322-4BA3-A586-6960D20C0772}.Release|Any CPU.Build.0 = Release|Any CPU
		{17FAACC7-8322-4BA3-A586-6960D20C0772}.Debug|iPhoneSimulator.ActiveCfg = Debug|Any CPU
		{17FAACC7-8322-4BA3-A586-6960D20C0772}.Debug|iPhoneSimulator.Build.0 = Debug|Any CPU
		{17FAACC7-8322-4BA3-A586-6960D20C0772}.Release|iPhoneSimulator.ActiveCfg = Release|Any CPU
		{17FAACC7-8322-4BA3-A586-6960D20C0772}.Release|iPhoneSimulator.Build.0 = Release|Any CPU
		{17FAACC7-8322-4BA3-A586-6960D20C0772}.Debug|iPhone.ActiveCfg = Debug|Any CPU
		{17FAACC7-8322-4BA3-A586-6960D20C0772}.Debug|iPhone.Build.0 = Debug|Any CPU
		{17FAACC7-8322-4BA3-A586-6960D20C0772}.Release|iPhone.ActiveCfg = Release|Any CPU
		{17FAACC7-8322-4BA3-A586-6960D20C0772}.Release|iPhone.Build.0 = Release|Any CPU
		{05CB16A3-C434-49B1-81C7-E6438CE5AA6B}.Debug|Any CPU.ActiveCfg = Debug|iPhoneSimulator
		{05CB16A3-C434-49B1-81C7-E6438CE5AA6B}.Debug|Any CPU.Build.0 = Debug|iPhoneSimulator
		{05CB16A3-C434-49B1-81C7-E6438CE5AA6B}.Release|Any CPU.ActiveCfg = Release|iPhoneSimulator
		{05CB16A3-C434-49B1-81C7-E6438CE5AA6B}.Release|Any CPU.Build.0 = Release|iPhoneSimulator
		{05CB16A3-C434-49B1-81C7-E6438CE5AA6B}.Debug|iPhoneSimulator.ActiveCfg = Debug|iPhoneSimulator
		{05CB16A3-C434-49B1-81C7-E6438CE5AA6B}.Debug|iPhoneSimulator.Build.0 = Debug|iPhoneSimulator
		{05CB16A3-C434-49B1-81C7-E6438CE5AA6B}.Release|iPhoneSimulator.ActiveCfg = Release|iPhoneSimulator
		{05CB16A3-C434-49B1-81C7-E6438CE5AA6B}.Release|iPhoneSimulator.Build.0 = Release|iPhoneSimulator
		{05CB16A3-C434-49B1-81C7-E6438CE5AA6B}.Debug|iPhone.ActiveCfg = Debug|iPhone
		{05CB16A3-C434-49B1-81C7-E6438CE5AA6B}.Debug|iPhone.Build.0 = Debug|iPhone
		{05CB16A3-C434-49B1-81C7-E6438CE5AA6B}.Release|iPhone.ActiveCfg = Release|iPhone
		{05CB16A3-C434-49B1-81C7-E6438CE5AA6B}.Release|iPhone.Build.0 = Release|iPhone
		{4CF34B54-6A8D-4C98-B633-7564B5360949}.Debug|Any CPU.ActiveCfg = Debug|Any CPU
		{4CF34B54-6A8D-4C98-B633-7564B5360949}.Debug|Any CPU.Build.0 = Debug|Any CPU
		{4CF34B54-6A8D-4C98-B633-7564B5360949}.Release|Any CPU.ActiveCfg = Release|Any CPU
		{4CF34B54-6A8D-4C98-B633-7564B5360949}.Release|Any CPU.Build.0 = Release|Any CPU
		{4CF34B54-6A8D-4C98-B633-7564B5360949}.Debug|iPhoneSimulator.ActiveCfg = Debug|Any CPU
		{4CF34B54-6A8D-4C98-B633-7564B5360949}.Debug|iPhoneSimulator.Build.0 = Debug|Any CPU
		{4CF34B54-6A8D-4C98-B633-7564B5360949}.Release|iPhoneSimulator.ActiveCfg = Release|Any CPU
		{4CF34B54-6A8D-4C98-B633-7564B5360949}.Release|iPhoneSimulator.Build.0 = Release|Any CPU
		{4CF34B54-6A8D-4C98-B633-7564B5360949}.Debug|iPhone.ActiveCfg = Debug|Any CPU
		{4CF34B54-6A8D-4C98-B633-7564B5360949}.Debug|iPhone.Build.0 = Debug|Any CPU
		{4CF34B54-6A8D-4C98-B633-7564B5360949}.Release|iPhone.ActiveCfg = Release|Any CPU
		{4CF34B54-6A8D-4C98-B633-7564B5360949}.Release|iPhone.Build.0 = Release|Any CPU
	EndGlobalSection
EndGlobal
